# This file was autogenerated by Stack.
# You should not edit this file by hand.
# For more information, please see the documentation at:
#   https://docs.haskellstack.org/en/stable/lock_files

packages:
- completed:
    hackage: rosezipper-0.1@sha256:27d3b7c84257fda16395636e45f8b83013ebaade4ca07630ad0b482b392ed95c,706
    pantry-tree:
      size: 214
      sha256: ee1905ce607cc077747884ce59129b5a8b6090b590586710b98fc23f75ef12fd
  original:
    hackage: rosezipper-0.1
snapshots:
- completed:
    size: 491389
    url: https://raw.githubusercontent.com/commercialhaskell/stackage-snapshots/master/lts/15/7.yaml
    sha256: 92ab6303fe20ec928461c82ce0980b4d17c06f4e66205a2967e476474f686c17
  original: lts-15.7
